
Microsoft Visual Studio Solution File, Format Version 12.00
# Visual Studio Version 16
VisualStudioVersion = 16.0.30114.105
MinimumVisualStudioVersion = 10.0.40219.1
Project("{FAE04EC0-301F-11D3-BF4B-00C04F79EFBC}") = "DataStructuresAlgorithms", "DataStructuresAlgorithms.csproj", "{81B9600D-057B-49DC-B6F8-38A2F5A54B14}"
EndProject
Global
	GlobalSection(SolutionConfigurationPlatforms) = preSolution
		Debug|Any CPU = Debug|Any CPU
		Release|Any CPU = Release|Any CPU
	EndGlobalSection
	GlobalSection(ProjectConfigurationPlatforms) = postSolution
		{81B9600D-057B-49DC-B6F8-38A2F5A54B14}.Debug|Any CPU.ActiveCfg = Debug|Any CPU
		{81B9600D-057B-49DC-B6F8-38A2F5A54B14}.Debug|Any CPU.Build.0 = Debug|Any CPU
		{81B9600D-057B-49DC-B6F8-38A2F5A54B14}.Release|Any CPU.ActiveCfg = Release|Any CPU
		{81B9600D-057B-49DC-B6F8-38A2F5A54B14}.Release|Any CPU.Build.0 = Release|Any CPU
	EndGlobalSection
	GlobalSection(SolutionProperties) = preSolution
		HideSolutionNode = FALSE
	EndGlobalSection
	GlobalSection(ExtensibilityGlobals) = postSolution
		SolutionGuid = {9E951D87-AB25-474D-95B2-92F5A999DDFA}
	EndGlobalSection
EndGlobal
